
Microsoft Visual Studio Solution File, Format Version 12.00
# Visual Studio Version 16
VisualStudioVersion = 16.0.30717.126
MinimumVisualStudioVersion = 10.0.40219.1
Project("{FAE04EC0-301F-11D3-BF4B-00C04F79EFBC}") = "HttpServerApp", "HttpServerApp.csproj", "{31B5D5E0-D6C2-4FB3-8531-B351BD979A2E}"
EndProject
Project("{FAE04EC0-301F-11D3-BF4B-00C04F79EFBC}") = "HttpClientApp", "..\HttpClientApp\HttpClientApp.csproj", "{C4434A34-C381-4C44-A395-C2809C99A746}"
EndProject
Project("{FAE04EC0-301F-11D3-BF4B-00C04F79EFBC}") = "Gauss", "..\Gauss\Gauss.csproj", "{D88002C0-DA52-47C2-8882-54408FEBCE21}"
EndProject
Project("{FAE04EC0-301F-11D3-BF4B-00C04F79EFBC}") = "ConsoleApp1", "..\ConsoleApp1\ConsoleApp1.csproj", "{4F914F8C-03DE-4874-8594-C78EE1E58D4F}"
EndProject
Global
	GlobalSection(SolutionConfigurationPlatforms) = preSolution
		Debug|Any CPU = Debug|Any CPU
		Release|Any CPU = Release|Any CPU
	EndGlobalSection
	GlobalSection(ProjectConfigurationPlatforms) = postSolution
		{31B5D5E0-D6C2-4FB3-8531-B351BD979A2E}.Debug|Any CPU.ActiveCfg = Debug|Any CPU
		{31B5D5E0-D6C2-4FB3-8531-B351BD979A2E}.Debug|Any CPU.Build.0 = Debug|Any CPU
		{31B5D5E0-D6C2-4FB3-8531-B351BD979A2E}.Release|Any CPU.ActiveCfg = Release|Any CPU
		{31B5D5E0-D6C2-4FB3-8531-B351BD979A2E}.Release|Any CPU.Build.0 = Release|Any CPU
		{C4434A34-C381-4C44-A395-C2809C99A746}.Debug|Any CPU.ActiveCfg = Debug|Any CPU
		{C4434A34-C381-4C44-A395-C2809C99A746}.Debug|Any CPU.Build.0 = Debug|Any CPU
		{C4434A34-C381-4C44-A395-C2809C99A746}.Release|Any CPU.ActiveCfg = Release|Any CPU
		{C4434A34-C381-4C44-A395-C2809C99A746}.Release|Any CPU.Build.0 = Release|Any CPU
		{D88002C0-DA52-47C2-8882-54408FEBCE21}.Debug|Any CPU.ActiveCfg = Debug|Any CPU
		{D88002C0-DA52-47C2-8882-54408FEBCE21}.Debug|Any CPU.Build.0 = Debug|Any CPU
		{D88002C0-DA52-47C2-8882-54408FEBCE21}.Release|Any CPU.ActiveCfg = Release|Any CPU
		{D88002C0-DA52-47C2-8882-54408FEBCE21}.Release|Any CPU.Build.0 = Release|Any CPU
		{4F914F8C-03DE-4874-8594-C78EE1E58D4F}.Debug|Any CPU.ActiveCfg = Debug|Any CPU
		{4F914F8C-03DE-4874-8594-C78EE1E58D4F}.Debug|Any CPU.Build.0 = Debug|Any CPU
		{4F914F8C-03DE-4874-8594-C78EE1E58D4F}.Release|Any CPU.ActiveCfg = Release|Any CPU
		{4F914F8C-03DE-4874-8594-C78EE1E58D4F}.Release|Any CPU.Build.0 = Release|Any CPU
	EndGlobalSection
	GlobalSection(SolutionProperties) = preSolution
		HideSolutionNode = FALSE
	EndGlobalSection
	GlobalSection(ExtensibilityGlobals) = postSolution
		SolutionGuid = {5F23E807-989A-4B0E-8D3D-E50E587BF76E}
	EndGlobalSection
EndGlobal
